<Solution>
  <Folder Name="/Itens de Solução/">
    <File Path=".editorconfig" />
    <File Path=".gitignore" />
    <File Path=".gitleaks.toml" />
    <File Path="Directory.Build.props" />
    <File Path="Directory.Packages.props" />
    <File Path="docker-compose.yml" />
    <File Path="README.md" />
  </Folder>
  <Folder Name="/src/0 - Domain/">
    <Project Path="src/FCG.Users.Domain/FCG.Users.Domain.csproj" />
  </Folder>
  <Folder Name="/src/1 - Application/">
    <Project Path="src/FCG.Users.Application/FCG.Users.Application.csproj" />
    <Project Path="src/FCG.Users.Messages/FCG.Users.Messages.csproj" />
  </Folder>
  <Folder Name="/src/2 - Infrastructure/">
    <Project Path="src/FCG.Users.Infrastructure.Auth/FCG.Users.Infrastructure.Auth.csproj" />
    <Project Path="src/FCG.Users.Infrastructure.Kafka/FCG.Users.Infrastructure.Kafka.csproj" />
    <Project Path="src/FCG.Users.Infrastructure.SqlServer/FCG.Users.Infrastructure.SqlServer.csproj" />
  </Folder>
  <Folder Name="/src/3 - WebApi/">
    <Project Path="src/FCG.Users.WebApi/FCG.Users.WebApi.csproj" />
  </Folder>
  <Folder Name="/tests/">
    <Project Path="tests/FCG.Users.CommomTestsUtilities/FCG.Users.CommomTestsUtilities.csproj" />
    <Project Path="tests/FCG.Users.FunctionalTests/FCG.Users.FunctionalTests.csproj" />
    <Project Path="tests/FCG.Users.IntegratedTests/FCG.Users.IntegratedTests.csproj" />
    <Project Path="tests/FCG.Users.UnitTests/FCG.Users.UnitTests.csproj" />
  </Folder>
</Solution>
