
Microsoft Visual Studio Solution File, Format Version 12.00
# Visual Studio Version 17
VisualStudioVersion = 17.14.36705.20
MinimumVisualStudioVersion = 10.0.40219.1
Project("{2150E333-8FDC-42A3-9474-1A3956D46DE8}") = "src", "src", "{02EA681E-C7D8-13C7-8484-4AC65E1B71E8}"
EndProject
Project("{2150E333-8FDC-42A3-9474-1A3956D46DE8}") = "tests", "tests", "{27834579-A940-409F-8C87-8198A7156B19}"
EndProject
Project("{FAE04EC0-301F-11D3-BF4B-00C04F79EFBC}") = "FCG.Users.Domain", "src\FCG.Users.Domain\FCG.Users.Domain.csproj", "{3E2C3BB7-1039-44F9-BB9F-CAE034E0975A}"
EndProject
Project("{FAE04EC0-301F-11D3-BF4B-00C04F79EFBC}") = "FCG.Users.Application", "src\FCG.Users.Application\FCG.Users.Application.csproj", "{885731DD-326B-4999-8C8B-DBD1168F89D3}"
EndProject
Project("{FAE04EC0-301F-11D3-BF4B-00C04F79EFBC}") = "FCG.Users.WebApi", "src\FCG.Users.WebApi\FCG.Users.WebApi.csproj", "{919554C9-06FF-44F3-A9CD-B0CE586ED60A}"
EndProject
Project("{FAE04EC0-301F-11D3-BF4B-00C04F79EFBC}") = "FCG.Users.CommomTestsUtilities", "tests\FCG.Users.CommomTestsUtilities\FCG.Users.CommomTestsUtilities.csproj", "{0E629878-9DAE-11CC-4EFE-4DF3D2D87A7C}"
EndProject
Project("{FAE04EC0-301F-11D3-BF4B-00C04F79EFBC}") = "FCG.Users.FunctionalTests", "tests\FCG.Users.FunctionalTests\FCG.Users.FunctionalTests.csproj", "{BE9FEB40-D64D-F2D6-DECA-1CDAA134FB10}"
EndProject
Project("{FAE04EC0-301F-11D3-BF4B-00C04F79EFBC}") = "FCG.Users.IntegratedTests", "tests\FCG.Users.IntegratedTests\FCG.Users.IntegratedTests.csproj", "{F9632B38-E9BC-9609-A9F2-47E5D15FB3FB}"
EndProject
Project("{FAE04EC0-301F-11D3-BF4B-00C04F79EFBC}") = "FCG.Users.UnitTests", "tests\FCG.Users.UnitTests\FCG.Users.UnitTests.csproj", "{FABEE0DE-A267-6F67-168F-489E2FDB6799}"
EndProject
Project("{FAE04EC0-301F-11D3-BF4B-00C04F79EFBC}") = "FCG.Users.Infrastructure.SqlServer", "src\FCG.Users.Infrastructure.SqlServer\FCG.Users.Infrastructure.SqlServer.csproj", "{6C8C0B87-BA1C-16CC-21C7-774C4A8C6F4E}"
EndProject
Project("{FAE04EC0-301F-11D3-BF4B-00C04F79EFBC}") = "FCG.Users.Messages", "src\FCG.Users.Messages\FCG.Users.Messages.csproj", "{86EF9A64-28E0-40C8-B800-5581879D44AE}"
EndProject
Project("{FAE04EC0-301F-11D3-BF4B-00C04F79EFBC}") = "FCG.Users.Infrastructure.Kafka", "src\FCG.Users.Infrastructure.Kafka\FCG.Users.Infrastructure.Kafka.csproj", "{B8122F6A-18C3-4B1A-81EA-3B1A2F093CBE}"
EndProject
Project("{FAE04EC0-301F-11D3-BF4B-00C04F79EFBC}") = "FCG.Users.Infrastructure.Auth", "src\FCG.Infrastructure.Users.Auth\FCG.Users.Infrastructure.Auth.csproj", "{A8377CBB-9967-4589-8932-C6687ABAC8CA}"
EndProject
Global
	GlobalSection(SolutionConfigurationPlatforms) = preSolution
		Debug|Any CPU = Debug|Any CPU
		Release|Any CPU = Release|Any CPU
	EndGlobalSection
	GlobalSection(ProjectConfigurationPlatforms) = postSolution
		{3E2C3BB7-1039-44F9-BB9F-CAE034E0975A}.Debug|Any CPU.ActiveCfg = Debug|Any CPU
		{3E2C3BB7-1039-44F9-BB9F-CAE034E0975A}.Debug|Any CPU.Build.0 = Debug|Any CPU
		{3E2C3BB7-1039-44F9-BB9F-CAE034E0975A}.Release|Any CPU.ActiveCfg = Release|Any CPU
		{3E2C3BB7-1039-44F9-BB9F-CAE034E0975A}.Release|Any CPU.Build.0 = Release|Any CPU
		{885731DD-326B-4999-8C8B-DBD1168F89D3}.Debug|Any CPU.ActiveCfg = Debug|Any CPU
		{885731DD-326B-4999-8C8B-DBD1168F89D3}.Debug|Any CPU.Build.0 = Debug|Any CPU
		{885731DD-326B-4999-8C8B-DBD1168F89D3}.Release|Any CPU.ActiveCfg = Release|Any CPU
		{885731DD-326B-4999-8C8B-DBD1168F89D3}.Release|Any CPU.Build.0 = Release|Any CPU
		{919554C9-06FF-44F3-A9CD-B0CE586ED60A}.Debug|Any CPU.ActiveCfg = Debug|Any CPU
		{919554C9-06FF-44F3-A9CD-B0CE586ED60A}.Debug|Any CPU.Build.0 = Debug|Any CPU
		{919554C9-06FF-44F3-A9CD-B0CE586ED60A}.Release|Any CPU.ActiveCfg = Release|Any CPU
		{919554C9-06FF-44F3-A9CD-B0CE586ED60A}.Release|Any CPU.Build.0 = Release|Any CPU
		{0E629878-9DAE-11CC-4EFE-4DF3D2D87A7C}.Debug|Any CPU.ActiveCfg = Debug|Any CPU
		{0E629878-9DAE-11CC-4EFE-4DF3D2D87A7C}.Debug|Any CPU.Build.0 = Debug|Any CPU
		{0E629878-9DAE-11CC-4EFE-4DF3D2D87A7C}.Release|Any CPU.ActiveCfg = Release|Any CPU
		{0E629878-9DAE-11CC-4EFE-4DF3D2D87A7C}.Release|Any CPU.Build.0 = Release|Any CPU
		{BE9FEB40-D64D-F2D6-DECA-1CDAA134FB10}.Debug|Any CPU.ActiveCfg = Debug|Any CPU
		{BE9FEB40-D64D-F2D6-DECA-1CDAA134FB10}.Debug|Any CPU.Build.0 = Debug|Any CPU
		{BE9FEB40-D64D-F2D6-DECA-1CDAA134FB10}.Release|Any CPU.ActiveCfg = Release|Any CPU
		{BE9FEB40-D64D-F2D6-DECA-1CDAA134FB10}.Release|Any CPU.Build.0 = Release|Any CPU
		{F9632B38-E9BC-9609-A9F2-47E5D15FB3FB}.Debug|Any CPU.ActiveCfg = Debug|Any CPU
		{F9632B38-E9BC-9609-A9F2-47E5D15FB3FB}.Debug|Any CPU.Build.0 = Debug|Any CPU
		{F9632B38-E9BC-9609-A9F2-47E5D15FB3FB}.Release|Any CPU.ActiveCfg = Release|Any CPU
		{F9632B38-E9BC-9609-A9F2-47E5D15FB3FB}.Release|Any CPU.Build.0 = Release|Any CPU
		{FABEE0DE-A267-6F67-168F-489E2FDB6799}.Debug|Any CPU.ActiveCfg = Debug|Any CPU
		{FABEE0DE-A267-6F67-168F-489E2FDB6799}.Debug|Any CPU.Build.0 = Debug|Any CPU
		{FABEE0DE-A267-6F67-168F-489E2FDB6799}.Release|Any CPU.ActiveCfg = Release|Any CPU
		{FABEE0DE-A267-6F67-168F-489E2FDB6799}.Release|Any CPU.Build.0 = Release|Any CPU
		{6C8C0B87-BA1C-16CC-21C7-774C4A8C6F4E}.Debug|Any CPU.ActiveCfg = Debug|Any CPU
		{6C8C0B87-BA1C-16CC-21C7-774C4A8C6F4E}.Debug|Any CPU.Build.0 = Debug|Any CPU
		{6C8C0B87-BA1C-16CC-21C7-774C4A8C6F4E}.Release|Any CPU.ActiveCfg = Release|Any CPU
		{6C8C0B87-BA1C-16CC-21C7-774C4A8C6F4E}.Release|Any CPU.Build.0 = Release|Any CPU
		{86EF9A64-28E0-40C8-B800-5581879D44AE}.Debug|Any CPU.ActiveCfg = Debug|Any CPU
		{86EF9A64-28E0-40C8-B800-5581879D44AE}.Debug|Any CPU.Build.0 = Debug|Any CPU
		{86EF9A64-28E0-40C8-B800-5581879D44AE}.Release|Any CPU.ActiveCfg = Release|Any CPU
		{86EF9A64-28E0-40C8-B800-5581879D44AE}.Release|Any CPU.Build.0 = Release|Any CPU
		{B8122F6A-18C3-4B1A-81EA-3B1A2F093CBE}.Debug|Any CPU.ActiveCfg = Debug|Any CPU
		{B8122F6A-18C3-4B1A-81EA-3B1A2F093CBE}.Debug|Any CPU.Build.0 = Debug|Any CPU
		{B8122F6A-18C3-4B1A-81EA-3B1A2F093CBE}.Release|Any CPU.ActiveCfg = Release|Any CPU
		{B8122F6A-18C3-4B1A-81EA-3B1A2F093CBE}.Release|Any CPU.Build.0 = Release|Any CPU
		{A8377CBB-9967-4589-8932-C6687ABAC8CA}.Debug|Any CPU.ActiveCfg = Debug|Any CPU
		{A8377CBB-9967-4589-8932-C6687ABAC8CA}.Debug|Any CPU.Build.0 = Debug|Any CPU
		{A8377CBB-9967-4589-8932-C6687ABAC8CA}.Release|Any CPU.ActiveCfg = Release|Any CPU
		{A8377CBB-9967-4589-8932-C6687ABAC8CA}.Release|Any CPU.Build.0 = Release|Any CPU
	EndGlobalSection
	GlobalSection(SolutionProperties) = preSolution
		HideSolutionNode = FALSE
	EndGlobalSection
	GlobalSection(NestedProjects) = preSolution
		{3E2C3BB7-1039-44F9-BB9F-CAE034E0975A} = {02EA681E-C7D8-13C7-8484-4AC65E1B71E8}
		{885731DD-326B-4999-8C8B-DBD1168F89D3} = {02EA681E-C7D8-13C7-8484-4AC65E1B71E8}
		{919554C9-06FF-44F3-A9CD-B0CE586ED60A} = {02EA681E-C7D8-13C7-8484-4AC65E1B71E8}
		{0E629878-9DAE-11CC-4EFE-4DF3D2D87A7C} = {27834579-A940-409F-8C87-8198A7156B19}
		{BE9FEB40-D64D-F2D6-DECA-1CDAA134FB10} = {27834579-A940-409F-8C87-8198A7156B19}
		{F9632B38-E9BC-9609-A9F2-47E5D15FB3FB} = {27834579-A940-409F-8C87-8198A7156B19}
		{FABEE0DE-A267-6F67-168F-489E2FDB6799} = {27834579-A940-409F-8C87-8198A7156B19}
		{6C8C0B87-BA1C-16CC-21C7-774C4A8C6F4E} = {02EA681E-C7D8-13C7-8484-4AC65E1B71E8}
		{86EF9A64-28E0-40C8-B800-5581879D44AE} = {02EA681E-C7D8-13C7-8484-4AC65E1B71E8}
		{B8122F6A-18C3-4B1A-81EA-3B1A2F093CBE} = {02EA681E-C7D8-13C7-8484-4AC65E1B71E8}
		{A8377CBB-9967-4589-8932-C6687ABAC8CA} = {02EA681E-C7D8-13C7-8484-4AC65E1B71E8}
	EndGlobalSection
	GlobalSection(ExtensibilityGlobals) = postSolution
		SolutionGuid = {C0F92508-E741-4C42-9919-C3BA2033C708}
	EndGlobalSection
EndGlobal
